// !$*UTF8*$!
{
	archiveVersion = 1;
	classes = {
	};
	objectVersion = 50;
	objects = {

/* Begin PBXBuildFile section */
		39C7E401213FDF02000D71B7 /* AppDelegate.swift in Sources */ = {isa = PBXBuildFile; fileRef = 39C7E400213FDF02000D71B7 /* AppDelegate.swift */; };
		39C7E403213FDF02000D71B7 /* FeedController.swift in Sources */ = {isa = PBXBuildFile; fileRef = 39C7E402213FDF02000D71B7 /* FeedController.swift */; };
		39C7E406213FDF02000D71B7 /* Main.storyboard in Resources */ = {isa = PBXBuildFile; fileRef = 39C7E404213FDF02000D71B7 /* Main.storyboard */; };
		39C7E408213FDF03000D71B7 /* Assets.xcassets in Resources */ = {isa = PBXBuildFile; fileRef = 39C7E407213FDF03000D71B7 /* Assets.xcassets */; };
		39C7E40B213FDF03000D71B7 /* LaunchScreen.storyboard in Resources */ = {isa = PBXBuildFile; fileRef = 39C7E409213FDF03000D71B7 /* LaunchScreen.storyboard */; };
		39C7E42F213FEF4F000D71B7 /* FeedCell.swift in Sources */ = {isa = PBXBuildFile; fileRef = 39C7E42E213FEF4F000D71B7 /* FeedCell.swift */; };
		39DBE0EB21452B0B0081A818 /* TabBarController.swift in Sources */ = {isa = PBXBuildFile; fileRef = 39DBE0EA21452B0B0081A818 /* TabBarController.swift */; };
		39DBE0ED214530AB0081A818 /* FriendRequestsController.swift in Sources */ = {isa = PBXBuildFile; fileRef = 39DBE0EC214530AB0081A818 /* FriendRequestsController.swift */; };
		39DBE0F121456E820081A818 /* FriendRequestsCell.swift in Sources */ = {isa = PBXBuildFile; fileRef = 39DBE0F021456E820081A818 /* FriendRequestsCell.swift */; };
		39DBE0F321456EB40081A818 /* FriendRequestsHeader.swift in Sources */ = {isa = PBXBuildFile; fileRef = 39DBE0F221456EB40081A818 /* FriendRequestsHeader.swift */; };
		39F3CE9C21419329006B63E1 /* Post.swift in Sources */ = {isa = PBXBuildFile; fileRef = 39F3CE9B21419329006B63E1 /* Post.swift */; };
/* End PBXBuildFile section */

/* Begin PBXContainerItemProxy section */
		39C7E412213FDF03000D71B7 /* PBXContainerItemProxy */ = {
			isa = PBXContainerItemProxy;
			containerPortal = 39C7E3F5213FDF02000D71B7 /* Project object */;
			proxyType = 1;
			remoteGlobalIDString = 39C7E3FC213FDF02000D71B7;
			remoteInfo = "Facebook Feed";
		};
		39C7E41D213FDF03000D71B7 /* PBXContainerItemProxy */ = {
			isa = PBXContainerItemProxy;
			containerPortal = 39C7E3F5213FDF02000D71B7 /* Project object */;
			proxyType = 1;
			remoteGlobalIDString = 39C7E3FC213FDF02000D71B7;
			remoteInfo = "Facebook Feed";
		};
/* End PBXContainerItemProxy section */

/* Begin PBXFileReference section */
		39C7E3FD213FDF02000D71B7 /* Facebook Feed.app */ = {isa = PBXFileReference; explicitFileType = wrapper.application; includeInIndex = 0; path = "Facebook Feed.app"; sourceTree = BUILT_PRODUCTS_DIR; };
		39C7E400213FDF02000D71B7 /* AppDelegate.swift */ = {isa = PBXFileReference; lastKnownFileType = sourcecode.swift; path = AppDelegate.swift; sourceTree = "<group>"; };
		39C7E402213FDF02000D71B7 /* FeedController.swift */ = {isa = PBXFileReference; lastKnownFileType = sourcecode.swift; path = FeedController.swift; sourceTree = "<group>"; };
		39C7E405213FDF02000D71B7 /* Base */ = {isa = PBXFileReference; lastKnownFileType = file.storyboard; name = Base; path = Base.lproj/Main.storyboard; sourceTree = "<group>"; };
		39C7E407213FDF03000D71B7 /* Assets.xcassets */ = {isa = PBXFileReference; lastKnownFileType = folder.assetcatalog; path = Assets.xcassets; sourceTree = "<group>"; };
		39C7E40A213FDF03000D71B7 /* Base */ = {isa = PBXFileReference; lastKnownFileType = file.storyboard; name = Base; path = Base.lproj/LaunchScreen.storyboard; sourceTree = "<group>"; };
		39C7E40C213FDF03000D71B7 /* Info.plist */ = {isa = PBXFileReference; lastKnownFileType = text.plist.xml; path = Info.plist; sourceTree = "<group>"; };
		39C7E411213FDF03000D71B7 /* Facebook FeedTests.xctest */ = {isa = PBXFileReference; explicitFileType = wrapper.cfbundle; includeInIndex = 0; path = "Facebook FeedTests.xctest"; sourceTree = BUILT_PRODUCTS_DIR; };
		39C7E41C213FDF03000D71B7 /* Facebook FeedUITests.xctest */ = {isa = PBXFileReference; explicitFileType = wrapper.cfbundle; includeInIndex = 0; path = "Facebook FeedUITests.xctest"; sourceTree = BUILT_PRODUCTS_DIR; };
		39C7E42E213FEF4F000D71B7 /* FeedCell.swift */ = {isa = PBXFileReference; lastKnownFileType = sourcecode.swift; path = FeedCell.swift; sourceTree = "<group>"; };
		39DBE0EA21452B0B0081A818 /* TabBarController.swift */ = {isa = PBXFileReference; lastKnownFileType = sourcecode.swift; path = TabBarController.swift; sourceTree = "<group>"; };
		39DBE0EC214530AB0081A818 /* FriendRequestsController.swift */ = {isa = PBXFileReference; lastKnownFileType = sourcecode.swift; path = FriendRequestsController.swift; sourceTree = "<group>"; };
		39DBE0F021456E820081A818 /* FriendRequestsCell.swift */ = {isa = PBXFileReference; lastKnownFileType = sourcecode.swift; path = FriendRequestsCell.swift; sourceTree = "<group>"; };
		39DBE0F221456EB40081A818 /* FriendRequestsHeader.swift */ = {isa = PBXFileReference; lastKnownFileType = sourcecode.swift; path = FriendRequestsHeader.swift; sourceTree = "<group>"; };
		39F3CE9B21419329006B63E1 /* Post.swift */ = {isa = PBXFileReference; lastKnownFileType = sourcecode.swift; path = Post.swift; sourceTree = "<group>"; };
/* End PBXFileReference section */

/* Begin PBXFrameworksBuildPhase section */
		39C7E3FA213FDF02000D71B7 /* Frameworks */ = {
			isa = PBXFrameworksBuildPhase;
			buildActionMask = 2147483647;
			files = (
			);
			runOnlyForDeploymentPostprocessing = 0;
		};
		39C7E40E213FDF03000D71B7 /* Frameworks */ = {
			isa = PBXFrameworksBuildPhase;
			buildActionMask = 2147483647;
			files = (
			);
			runOnlyForDeploymentPostprocessing = 0;
		};
		39C7E419213FDF03000D71B7 /* Frameworks */ = {
			isa = PBXFrameworksBuildPhase;
			buildActionMask = 2147483647;
			files = (
			);
			runOnlyForDeploymentPostprocessing = 0;
		};
/* End PBXFrameworksBuildPhase section */

/* Begin PBXGroup section */
		39C7E3F4213FDF02000D71B7 = {
			isa = PBXGroup;
			children = (
				39C7E3FF213FDF02000D71B7 /* Facebook Feed */,
				39C7E3FE213FDF02000D71B7 /* Products */,
			);
			sourceTree = "<group>";
		};
		39C7E3FE213FDF02000D71B7 /* Products */ = {
			isa = PBXGroup;
			children = (
				39C7E3FD213FDF02000D71B7 /* Facebook Feed.app */,
				39C7E411213FDF03000D71B7 /* Facebook FeedTests.xctest */,
				39C7E41C213FDF03000D71B7 /* Facebook FeedUITests.xctest */,
			);
			name = Products;
			sourceTree = "<group>";
		};
		39C7E3FF213FDF02000D71B7 /* Facebook Feed */ = {
			isa = PBXGroup;
			children = (
				39C7E400213FDF02000D71B7 /* AppDelegate.swift */,
				39F3CE9B21419329006B63E1 /* Post.swift */,
				39DBE0EA21452B0B0081A818 /* TabBarController.swift */,
				39C7E402213FDF02000D71B7 /* FeedController.swift */,
				39C7E42E213FEF4F000D71B7 /* FeedCell.swift */,
				39DBE0EC214530AB0081A818 /* FriendRequestsController.swift */,
				39DBE0F221456EB40081A818 /* FriendRequestsHeader.swift */,
				39DBE0F021456E820081A818 /* FriendRequestsCell.swift */,
				39C7E404213FDF02000D71B7 /* Main.storyboard */,
				39C7E407213FDF03000D71B7 /* Assets.xcassets */,
				39C7E409213FDF03000D71B7 /* LaunchScreen.storyboard */,
				39C7E40C213FDF03000D71B7 /* Info.plist */,
			);
			path = "Facebook Feed";
			sourceTree = "<group>";
		};
/* End PBXGroup section */

/* Begin PBXNativeTarget section */
		39C7E3FC213FDF02000D71B7 /* Facebook Feed */ = {
			isa = PBXNativeTarget;
			buildConfigurationList = 39C7E425213FDF03000D71B7 /* Build configuration list for PBXNativeTarget "Facebook Feed" */;
			buildPhases = (
				39C7E3F9213FDF02000D71B7 /* Sources */,
				39C7E3FA213FDF02000D71B7 /* Frameworks */,
				39C7E3FB213FDF02000D71B7 /* Resources */,
			);
			buildRules = (
			);
			dependencies = (
			);
			name = "Facebook Feed";
			productName = "Facebook Feed";
			productReference = 39C7E3FD213FDF02000D71B7 /* Facebook Feed.app */;
			productType = "com.apple.product-type.application";
		};
		39C7E410213FDF03000D71B7 /* Facebook FeedTests */ = {
			isa = PBXNativeTarget;
			buildConfigurationList = 39C7E428213FDF03000D71B7 /* Build configuration list for PBXNativeTarget "Facebook FeedTests" */;
			buildPhases = (
				39C7E40D213FDF03000D71B7 /* Sources */,
				39C7E40E213FDF03000D71B7 /* Frameworks */,
				39C7E40F213FDF03000D71B7 /* Resources */,
			);
			buildRules = (
			);
			dependencies = (
				39C7E413213FDF03000D71B7 /* PBXTargetDependency */,
			);
			name = "Facebook FeedTests";
			productName = "Facebook FeedTests";
			productReference = 39C7E411213FDF03000D71B7 /* Facebook FeedTests.xctest */;
			productType = "com.apple.product-type.bundle.unit-test";
		};
		39C7E41B213FDF03000D71B7 /* Facebook FeedUITests */ = {
			isa = PBXNativeTarget;
			buildConfigurationList = 39C7E42B213FDF03000D71B7 /* Build configuration list for PBXNativeTarget "Facebook FeedUITests" */;
			buildPhases = (
				39C7E418213FDF03000D71B7 /* Sources */,
				39C7E419213FDF03000D71B7 /* Frameworks */,
				39C7E41A213FDF03000D71B7 /* Resources */,
			);
			buildRules = (
			);
			dependencies = (
				39C7E41E213FDF03000D71B7 /* PBXTargetDependency */,
			);
			name = "Facebook FeedUITests";
			productName = "Facebook FeedUITests";
			productReference = 39C7E41C213FDF03000D71B7 /* Facebook FeedUITests.xctest */;
			productType = "com.apple.product-type.bundle.ui-testing";
		};
/* End PBXNativeTarget section */

/* Begin PBXProject section */
		39C7E3F5213FDF02000D71B7 /* Project object */ = {
			isa = PBXProject;
			attributes = {
				LastSwiftUpdateCheck = 0940;
				LastUpgradeCheck = 0940;
				ORGANIZATIONNAME = "Umar Yaqub";
				TargetAttributes = {
					39C7E3FC213FDF02000D71B7 = {
						CreatedOnToolsVersion = 9.4.1;
					};
					39C7E410213FDF03000D71B7 = {
						CreatedOnToolsVersion = 9.4.1;
						TestTargetID = 39C7E3FC213FDF02000D71B7;
					};
					39C7E41B213FDF03000D71B7 = {
						CreatedOnToolsVersion = 9.4.1;
						TestTargetID = 39C7E3FC213FDF02000D71B7;
					};
				};
			};
			buildConfigurationList = 39C7E3F8213FDF02000D71B7 /* Build configuration list for PBXProject "Facebook Feed" */;
			compatibilityVersion = "Xcode 9.3";
			developmentRegion = en;
			hasScannedForEncodings = 0;
			knownRegions = (
				en,
				Base,
			);
			mainGroup = 39C7E3F4213FDF02000D71B7;
			productRefGroup = 39C7E3FE213FDF02000D71B7 /* Products */;
			projectDirPath = "";
			projectRoot = "";
			targets = (
				39C7E3FC213FDF02000D71B7 /* Facebook Feed */,
				39C7E410213FDF03000D71B7 /* Facebook FeedTests */,
				39C7E41B213FDF03000D71B7 /* Facebook FeedUITests */,
			);
		};
/* End PBXProject section */

/* Begin PBXResourcesBuildPhase section */
		39C7E3FB213FDF02000D71B7 /* Resources */ = {
			isa = PBXResourcesBuildPhase;
			buildActionMask = 2147483647;
			files = (
				39C7E40B213FDF03000D71B7 /* LaunchScreen.storyboard in Resources */,
				39C7E408213FDF03000D71B7 /* Assets.xcassets in Resources */,
				39C7E406213FDF02000D71B7 /* Main.storyboard in Resources */,
			);
			runOnlyForDeploymentPostprocessing = 0;
		};
		39C7E40F213FDF03000D71B7 /* Resources */ = {
			isa = PBXResourcesBuildPhase;
			buildActionMask = 2147483647;
			files = (
			);
			runOnlyForDeploymentPostprocessing = 0;
		};
		39C7E41A213FDF03000D71B7 /* Resources */ = {
			isa = PBXResourcesBuildPhase;
			buildActionMask = 2147483647;
			files = (
			);
			runOnlyForDeploymentPostprocessing = 0;
		};
/* End PBXResourcesBuildPhase section */

/* Begin PBXSourcesBuildPhase section */
		39C7E3F9213FDF02000D71B7 /* Sources */ = {
			isa = PBXSourcesBuildPhase;
			buildActionMask = 2147483647;
			files = (
				39C7E403213FDF02000D71B7 /* FeedController.swift in Sources */,
				39C7E401213FDF02000D71B7 /* AppDelegate.swift in Sources */,
				39DBE0F321456EB40081A818 /* FriendRequestsHeader.swift in Sources */,
				39C7E42F213FEF4F000D71B7 /* FeedCell.swift in Sources */,
				39DBE0EB21452B0B0081A818 /* TabBarController.swift in Sources */,
				39F3CE9C21419329006B63E1 /* Post.swift in Sources */,
				39DBE0ED214530AB0081A818 /* FriendRequestsController.swift in Sources */,
				39DBE0F121456E820081A818 /* FriendRequestsCell.swift in Sources */,
			);
			runOnlyForDeploymentPostprocessing = 0;
		};
		39C7E40D213FDF03000D71B7 /* Sources */ = {
			isa = PBXSourcesBuildPhase;
			buildActionMask = 2147483647;
			files = (
			);
			runOnlyForDeploymentPostprocessing = 0;
		};
		39C7E418213FDF03000D71B7 /* Sources */ = {
			isa = PBXSourcesBuildPhase;
			buildActionMask = 2147483647;
			files = (
			);
			runOnlyForDeploymentPostprocessing = 0;
		};
/* End PBXSourcesBuildPhase section */

/* Begin PBXTargetDependency section */
		39C7E413213FDF03000D71B7 /* PBXTargetDependency */ = {
			isa = PBXTargetDependency;
			target = 39C7E3FC213FDF02000D71B7 /* Facebook Feed */;
			targetProxy = 39C7E412213FDF03000D71B7 /* PBXContainerItemProxy */;
		};
		39C7E41E213FDF03000D71B7 /* PBXTargetDependency */ = {
			isa = PBXTargetDependency;
			target = 39C7E3FC213FDF02000D71B7 /* Facebook Feed */;
			targetProxy = 39C7E41D213FDF03000D71B7 /* PBXContainerItemProxy */;
		};
/* End PBXTargetDependency section */

/* Begin PBXVariantGroup section */
		39C7E404213FDF02000D71B7 /* Main.storyboard */ = {
			isa = PBXVariantGroup;
			children = (
				39C7E405213FDF02000D71B7 /* Base */,
			);
			name = Main.storyboard;
			sourceTree = "<group>";
		};
		39C7E409213FDF03000D71B7 /* LaunchScreen.storyboard */ = {
			isa = PBXVariantGroup;
			children = (
				39C7E40A213FDF03000D71B7 /* Base */,
			);
			name = LaunchScreen.storyboard;
			sourceTree = "<group>";
		};
/* End PBXVariantGroup section */

/* Begin XCBuildConfiguration section */
		39C7E423213FDF03000D71B7 /* Debug */ = {
			isa = XCBuildConfiguration;
			buildSettings = {
				ALWAYS_SEARCH_USER_PATHS = NO;
				CLANG_ANALYZER_NONNULL = YES;
				CLANG_ANALYZER_NUMBER_OBJECT_CONVERSION = YES_AGGRESSIVE;
				CLANG_CXX_LANGUAGE_STANDARD = "gnu++14";
				CLANG_CXX_LIBRARY = "libc++";
				CLANG_ENABLE_MODULES = YES;
				CLANG_ENABLE_OBJC_ARC = YES;
				CLANG_ENABLE_OBJC_WEAK = YES;
				CLANG_WARN_BLOCK_CAPTURE_AUTORELEASING = YES;
				CLANG_WARN_BOOL_CONVERSION = YES;
				CLANG_WARN_COMMA = YES;
				CLANG_WARN_CONSTANT_CONVERSION = YES;
				CLANG_WARN_DEPRECATED_OBJC_IMPLEMENTATIONS = YES;
				CLANG_WARN_DIRECT_OBJC_ISA_USAGE = YES_ERROR;
				CLANG_WARN_DOCUMENTATION_COMMENTS = YES;
				CLANG_WARN_EMPTY_BODY = YES;
				CLANG_WARN_ENUM_CONVERSION = YES;
				CLANG_WARN_INFINITE_RECURSION = YES;
				CLANG_WARN_INT_CONVERSION = YES;
				CLANG_WARN_NON_LITERAL_NULL_CONVERSION = YES;
				CLANG_WARN_OBJC_IMPLICIT_RETAIN_SELF = YES;
				CLANG_WARN_OBJC_LITERAL_CONVERSION = YES;
				CLANG_WARN_OBJC_ROOT_CLASS = YES_ERROR;
				CLANG_WARN_RANGE_LOOP_ANALYSIS = YES;
				CLANG_WARN_STRICT_PROTOTYPES = YES;
				CLANG_WARN_SUSPICIOUS_MOVE = YES;
				CLANG_WARN_UNGUARDED_AVAILABILITY = YES_AGGRESSIVE;
				CLANG_WARN_UNREACHABLE_CODE = YES;
				CLANG_WARN__DUPLICATE_METHOD_MATCH = YES;
				CODE_SIGN_IDENTITY = "iPhone Developer";
				COPY_PHASE_STRIP = NO;
				DEBUG_INFORMATION_FORMAT = dwarf;
				ENABLE_STRICT_OBJC_MSGSEND = YES;
				ENABLE_TESTABILITY = YES;
				GCC_C_LANGUAGE_STANDARD = gnu11;
				GCC_DYNAMIC_NO_PIC = NO;
				GCC_NO_COMMON_BLOCKS = YES;
				GCC_OPTIMIZATION_LEVEL = 0;
				GCC_PREPROCESSOR_DEFINITIONS = (
					"DEBUG=1",
					"$(inherited)",
				);
				GCC_WARN_64_TO_32_BIT_CONVERSION = YES;
				GCC_WARN_ABOUT_RETURN_TYPE = YES_ERROR;
				GCC_WARN_UNDECLARED_SELECTOR = YES;
				GCC_WARN_UNINITIALIZED_AUTOS = YES_AGGRESSIVE;
				GCC_WARN_UNUSED_FUNCTION = YES;
				GCC_WARN_UNUSED_VARIABLE = YES;
				IPHONEOS_DEPLOYMENT_TARGET = 11.4;
				MTL_ENABLE_DEBUG_INFO = YES;
				ONLY_ACTIVE_ARCH = YES;
				SDKROOT = iphoneos;
				SWIFT_ACTIVE_COMPILATION_CONDITIONS = DEBUG;
				SWIFT_OPTIMIZATION_LEVEL = "-Onone";
			};
			name = Debug;
		};
		39C7E424213FDF03000D71B7 /* Release */ = {
			isa = XCBuildConfiguration;
			buildSettings = {
				ALWAYS_SEARCH_USER_PATHS = NO;
				CLANG_ANALYZER_NONNULL = YES;
				CLANG_ANALYZER_NUMBER_OBJECT_CONVERSION = YES_AGGRESSIVE;
				CLANG_CXX_LANGUAGE_STANDARD = "gnu++14";
				CLANG_CXX_LIBRARY = "libc++";
				CLANG_ENABLE_MODULES = YES;
				CLANG_ENABLE_OBJC_ARC = YES;
				CLANG_ENABLE_OBJC_WEAK = YES;
				CLANG_WARN_BLOCK_CAPTURE_AUTORELEASING = YES;
				CLANG_WARN_BOOL_CONVERSION = YES;
				CLANG_WARN_COMMA = YES;
				CLANG_WARN_CONSTANT_CONVERSION = YES;
				CLANG_WARN_DEPRECATED_OBJC_IMPLEMENTATIONS = YES;
				CLANG_WARN_DIRECT_OBJC_ISA_USAGE = YES_ERROR;
				CLANG_WARN_DOCUMENTATION_COMMENTS = YES;
				CLANG_WARN_EMPTY_BODY = YES;
				CLANG_WARN_ENUM_CONVERSION = YES;
				CLANG_WARN_INFINITE_RECURSION = YES;
				CLANG_WARN_INT_CONVERSION = YES;
				CLANG_WARN_NON_LITERAL_NULL_CONVERSION = YES;
				CLANG_WARN_OBJC_IMPLICIT_RETAIN_SELF = YES;
				CLANG_WARN_OBJC_LITERAL_CONVERSION = YES;
				CLANG_WARN_OBJC_ROOT_CLASS = YES_ERROR;
				CLANG_WARN_RANGE_LOOP_ANALYSIS = YES;
				CLANG_WARN_STRICT_PROTOTYPES = YES;
				CLANG_WARN_SUSPICIOUS_MOVE = YES;
				CLANG_WARN_UNGUARDED_AVAILABILITY = YES_AGGRESSIVE;
				CLANG_WARN_UNREACHABLE_CODE = YES;
				CLANG_WARN__DUPLICATE_METHOD_MATCH = YES;
				CODE_SIGN_IDENTITY = "iPhone Developer";
				COPY_PHASE_STRIP = NO;
				DEBUG_INFORMATION_FORMAT = "dwarf-with-dsym";
				ENABLE_NS_ASSERTIONS = NO;
				ENABLE_STRICT_OBJC_MSGSEND = YES;
				GCC_C_LANGUAGE_STANDARD = gnu11;
				GCC_NO_COMMON_BLOCKS = YES;
				GCC_WARN_64_TO_32_BIT_CONVERSION = YES;
				GCC_WARN_ABOUT_RETURN_TYPE = YES_ERROR;
				GCC_WARN_UNDECLARED_SELECTOR = YES;
				GCC_WARN_UNINITIALIZED_AUTOS = YES_AGGRESSIVE;
				GCC_WARN_UNUSED_FUNCTION = YES;
				GCC_WARN_UNUSED_VARIABLE = YES;
				IPHONEOS_DEPLOYMENT_TARGET = 11.4;
				MTL_ENABLE_DEBUG_INFO = NO;
				SDKROOT = iphoneos;
				SWIFT_COMPILATION_MODE = wholemodule;
				SWIFT_OPTIMIZATION_LEVEL = "-O";
				VALIDATE_PRODUCT = YES;
			};
			name = Release;
		};
		39C7E426213FDF03000D71B7 /* Debug */ = {
			isa = XCBuildConfiguration;
			buildSettings = {
				ASSETCATALOG_COMPILER_APPICON_NAME = AppIcon;
				CODE_SIGN_STYLE = Automatic;
				INFOPLIST_FILE = "Facebook Feed/Info.plist";
				LD_RUNPATH_SEARCH_PATHS = (
					"$(inherited)",
					"@executable_path/Frameworks",
				);
				PRODUCT_BUNDLE_IDENTIFIER = "FF.Facebook-Feed";
				PRODUCT_NAME = "$(TARGET_NAME)";
				SWIFT_VERSION = 4.0;
				TARGETED_DEVICE_FAMILY = "1,2";
			};
			name = Debug;
		};
		39C7E427213FDF03000D71B7 /* Release */ = {
			isa = XCBuildConfiguration;
			buildSettings = {
				ASSETCATALOG_COMPILER_APPICON_NAME = AppIcon;
				CODE_SIGN_STYLE = Automatic;
				INFOPLIST_FILE = "Facebook Feed/Info.plist";
				LD_RUNPATH_SEARCH_PATHS = (
					"$(inherited)",
					"@executable_path/Frameworks",
				);
				PRODUCT_BUNDLE_IDENTIFIER = "FF.Facebook-Feed";
				PRODUCT_NAME = "$(TARGET_NAME)";
				SWIFT_VERSION = 4.0;
				TARGETED_DEVICE_FAMILY = "1,2";
			};
			name = Release;
		};
		39C7E429213FDF03000D71B7 /* Debug */ = {
			isa = XCBuildConfiguration;
			buildSettings = {
				ALWAYS_EMBED_SWIFT_STANDARD_LIBRARIES = YES;
				BUNDLE_LOADER = "$(TEST_HOST)";
				CODE_SIGN_STYLE = Automatic;
				INFOPLIST_FILE = "Facebook FeedTests/Info.plist";
				LD_RUNPATH_SEARCH_PATHS = (
					"$(inherited)",
					"@executable_path/Frameworks",
					"@loader_path/Frameworks",
				);
				PRODUCT_BUNDLE_IDENTIFIER = "FF.Facebook-FeedTests";
				PRODUCT_NAME = "$(TARGET_NAME)";
				SWIFT_VERSION = 4.0;
				TARGETED_DEVICE_FAMILY = "1,2";
				TEST_HOST = "$(BUILT_PRODUCTS_DIR)/Facebook Feed.app/Facebook Feed";
			};
			name = Debug;
		};
		39C7E42A213FDF03000D71B7 /* Release */ = {
			isa = XCBuildConfiguration;
			buildSettings = {
				ALWAYS_EMBED_SWIFT_STANDARD_LIBRARIES = YES;
				BUNDLE_LOADER = "$(TEST_HOST)";
				CODE_SIGN_STYLE = Automatic;
				INFOPLIST_FILE = "Facebook FeedTests/Info.plist";
				LD_RUNPATH_SEARCH_PATHS = (
					"$(inherited)",
					"@executable_path/Frameworks",
					"@loader_path/Frameworks",
				);
				PRODUCT_BUNDLE_IDENTIFIER = "FF.Facebook-FeedTests";
				PRODUCT_NAME = "$(TARGET_NAME)";
				SWIFT_VERSION = 4.0;
				TARGETED_DEVICE_FAMILY = "1,2";
				TEST_HOST = "$(BUILT_PRODUCTS_DIR)/Facebook Feed.app/Facebook Feed";
			};
			name = Release;
		};
		39C7E42C213FDF03000D71B7 /* Debug */ = {
			isa = XCBuildConfiguration;
			buildSettings = {
				ALWAYS_EMBED_SWIFT_STANDARD_LIBRARIES = YES;
				CODE_SIGN_STYLE = Automatic;
				INFOPLIST_FILE = "Facebook FeedUITests/Info.plist";
				LD_RUNPATH_SEARCH_PATHS = (
					"$(inherited)",
					"@executable_path/Frameworks",
					"@loader_path/Frameworks",
				);
				PRODUCT_BUNDLE_IDENTIFIER = "FF.Facebook-FeedUITests";
				PRODUCT_NAME = "$(TARGET_NAME)";
				SWIFT_VERSION = 4.0;
				TARGETED_DEVICE_FAMILY = "1,2";
				TEST_TARGET_NAME = "Facebook Feed";
			};
			name = Debug;
		};
		39C7E42D213FDF03000D71B7 /* Release */ = {
			isa = XCBuildConfiguration;
			buildSettings = {
				ALWAYS_EMBED_SWIFT_STANDARD_LIBRARIES = YES;
				CODE_SIGN_STYLE = Automatic;
				INFOPLIST_FILE = "Facebook FeedUITests/Info.plist";
				LD_RUNPATH_SEARCH_PATHS = (
					"$(inherited)",
					"@executable_path/Frameworks",
					"@loader_path/Frameworks",
				);
				PRODUCT_BUNDLE_IDENTIFIER = "FF.Facebook-FeedUITests";
				PRODUCT_NAME = "$(TARGET_NAME)";
				SWIFT_VERSION = 4.0;
				TARGETED_DEVICE_FAMILY = "1,2";
				TEST_TARGET_NAME = "Facebook Feed";
			};
			name = Release;
		};
/* End XCBuildConfiguration section */

/* Begin XCConfigurationList section */
		39C7E3F8213FDF02000D71B7 /* Build configuration list for PBXProject "Facebook Feed" */ = {
			isa = XCConfigurationList;
			buildConfigurations = (
				39C7E423213FDF03000D71B7 /* Debug */,
				39C7E424213FDF03000D71B7 /* Release */,
			);
			defaultConfigurationIsVisible = 0;
			defaultConfigurationName = Release;
		};
		39C7E425213FDF03000D71B7 /* Build configuration list for PBXNativeTarget "Facebook Feed" */ = {
			isa = XCConfigurationList;
			buildConfigurations = (
				39C7E426213FDF03000D71B7 /* Debug */,
				39C7E427213FDF03000D71B7 /* Release */,
			);
			defaultConfigurationIsVisible = 0;
			defaultConfigurationName = Release;
		};
		39C7E428213FDF03000D71B7 /* Build configuration list for PBXNativeTarget "Facebook FeedTests" */ = {
			isa = XCConfigurationList;
			buildConfigurations = (
				39C7E429213FDF03000D71B7 /* Debug */,
				39C7E42A213FDF03000D71B7 /* Release */,
			);
			defaultConfigurationIsVisible = 0;
			defaultConfigurationName = Release;
		};
		39C7E42B213FDF03000D71B7 /* Build configuration list for PBXNativeTarget "Facebook FeedUITests" */ = {
			isa = XCConfigurationList;
			buildConfigurations = (
				39C7E42C213FDF03000D71B7 /* Debug */,
				39C7E42D213FDF03000D71B7 /* Release */,
			);
			defaultConfigurationIsVisible = 0;
			defaultConfigurationName = Release;
		};
/* End XCConfigurationList section */
	};
	rootObject = 39C7E3F5213FDF02000D71B7 /* Project object */;
}
